
Microsoft Visual Studio Solution File, Format Version 12.00
# Visual Studio 14
VisualStudioVersion = 14.0.25420.1
MinimumVisualStudioVersion = 10.0.40219.1
Project("{FAE04EC0-301F-11D3-BF4B-00C04F79EFBC}") = "WpfAppBarDemo", "WpfAppBarDemo\WpfAppBarDemo.csproj", "{23DF82A9-C329-43E7-AE2A-2FC1169484E8}"
EndProject
Project("{FAE04EC0-301F-11D3-BF4B-00C04F79EFBC}") = "WpfAppBar", "WpfAppBar\WpfAppBar.csproj", "{8B5A8580-4D07-432C-AB38-26944DB99BC4}"
EndProject
Global
	GlobalSection(SolutionConfigurationPlatforms) = preSolution
		Debug|Any CPU = Debug|Any CPU
		Release|Any CPU = Release|Any CPU
	EndGlobalSection
	GlobalSection(ProjectConfigurationPlatforms) = postSolution
		{23DF82A9-C329-43E7-AE2A-2FC1169484E8}.Debug|Any CPU.ActiveCfg = Debug|Any CPU
		{23DF82A9-C329-43E7-AE2A-2FC1169484E8}.Debug|Any CPU.Build.0 = Debug|Any CPU
		{23DF82A9-C329-43E7-AE2A-2FC1169484E8}.Release|Any CPU.ActiveCfg = Release|Any CPU
		{23DF82A9-C329-43E7-AE2A-2FC1169484E8}.Release|Any CPU.Build.0 = Release|Any CPU
		{8B5A8580-4D07-432C-AB38-26944DB99BC4}.Debug|Any CPU.ActiveCfg = Debug|Any CPU
		{8B5A8580-4D07-432C-AB38-26944DB99BC4}.Debug|Any CPU.Build.0 = Debug|Any CPU
		{8B5A8580-4D07-432C-AB38-26944DB99BC4}.Release|Any CPU.ActiveCfg = Release|Any CPU
		{8B5A8580-4D07-432C-AB38-26944DB99BC4}.Release|Any CPU.Build.0 = Release|Any CPU
	EndGlobalSection
	GlobalSection(SolutionProperties) = preSolution
		HideSolutionNode = FALSE
	EndGlobalSection
EndGlobal
